
Microsoft Visual Studio Solution File, Format Version 12.00
# Visual Studio Version 17
VisualStudioVersion = 17.3.32929.385
MinimumVisualStudioVersion = 10.0.40219.1
Project("{FAE04EC0-301F-11D3-BF4B-00C04F79EFBC}") = "FactoryPattern", "FactoryPattern.csproj", "{52AE0C10-EDAE-427A-A3F1-8ED7B073D35E}"
EndProject
Global
	GlobalSection(SolutionConfigurationPlatforms) = preSolution
		Debug|Any CPU = Debug|Any CPU
		Release|Any CPU = Release|Any CPU
	EndGlobalSection
	GlobalSection(ProjectConfigurationPlatforms) = postSolution
		{52AE0C10-EDAE-427A-A3F1-8ED7B073D35E}.Debug|Any CPU.ActiveCfg = Debug|Any CPU
		{52AE0C10-EDAE-427A-A3F1-8ED7B073D35E}.Debug|Any CPU.Build.0 = Debug|Any CPU
		{52AE0C10-EDAE-427A-A3F1-8ED7B073D35E}.Release|Any CPU.ActiveCfg = Release|Any CPU
		{52AE0C10-EDAE-427A-A3F1-8ED7B073D35E}.Release|Any CPU.Build.0 = Release|Any CPU
	EndGlobalSection
	GlobalSection(SolutionProperties) = preSolution
		HideSolutionNode = FALSE
	EndGlobalSection
	GlobalSection(ExtensibilityGlobals) = postSolution
		SolutionGuid = {49FB8FE5-14EA-405C-B899-7ACDD92574AA}
	EndGlobalSection
EndGlobal
